
Microsoft Visual Studio Solution File, Format Version 12.00
# Visual Studio Version 16
VisualStudioVersion = 16.0.30611.23
MinimumVisualStudioVersion = 10.0.40219.1
Project("{8BC9CEB8-8B4A-11D0-8D11-00A0C91BC942}") = "ImGui_Test1", "ImGui_Test1\ImGui_Test1.vcxproj", "{6591DC44-F5B0-4A87-A15B-C516CEDE500F}"
EndProject
Global
	GlobalSection(SolutionConfigurationPlatforms) = preSolution
		Debug|x64 = Debug|x64
		Debug|x86 = Debug|x86
		Release|x64 = Release|x64
		Release|x86 = Release|x86
	EndGlobalSection
	GlobalSection(ProjectConfigurationPlatforms) = postSolution
		{6591DC44-F5B0-4A87-A15B-C516CEDE500F}.Debug|x64.ActiveCfg = Debug|x64
		{6591DC44-F5B0-4A87-A15B-C516CEDE500F}.Debug|x64.Build.0 = Debug|x64
		{6591DC44-F5B0-4A87-A15B-C516CEDE500F}.Debug|x86.ActiveCfg = Debug|Win32
		{6591DC44-F5B0-4A87-A15B-C516CEDE500F}.Debug|x86.Build.0 = Debug|Win32
		{6591DC44-F5B0-4A87-A15B-C516CEDE500F}.Release|x64.ActiveCfg = Release|x64
		{6591DC44-F5B0-4A87-A15B-C516CEDE500F}.Release|x64.Build.0 = Release|x64
		{6591DC44-F5B0-4A87-A15B-C516CEDE500F}.Release|x86.ActiveCfg = Release|Win32
		{6591DC44-F5B0-4A87-A15B-C516CEDE500F}.Release|x86.Build.0 = Release|Win32
	EndGlobalSection
	GlobalSection(SolutionProperties) = preSolution
		HideSolutionNode = FALSE
	EndGlobalSection
	GlobalSection(ExtensibilityGlobals) = postSolution
		SolutionGuid = {732C5CA3-459D-40D1-BAEA-5F564F5F1FD7}
	EndGlobalSection
EndGlobal
