<?xml version="1.0" encoding="utf-8"?>
<Project ToolsVersion="4.0" xmlns="http://schemas.microsoft.com/developer/msbuild/2003">
  <ItemGroup>
    <Filter Include="源文件">
      <UniqueIdentifier>{4FC737F1-C7A5-4376-A066-2A32D752A2FF}</UniqueIdentifier>
      <Extensions>cpp;c;cc;cxx;c++;cppm;ixx;def;odl;idl;hpj;bat;asm;asmx</Extensions>
    </Filter>
    <Filter Include="头文件">
      <UniqueIdentifier>{93995380-89BD-4b04-88EB-625FBE52EBFB}</UniqueIdentifier>
      <Extensions>h;hh;hpp;hxx;h++;hm;inl;inc;ipp;xsd</Extensions>
    </Filter>
    <Filter Include="资源文件">
      <UniqueIdentifier>{67DA6AB6-F800-4c08-8B7A-83BB121AAD01}</UniqueIdentifier>
      <Extensions>rc;ico;cur;bmp;dlg;rc2;rct;bin;rgs;gif;jpg;jpeg;jpe;resx;tiff;tif;png;wav;mfcribbon-ms</Extensions>
    </Filter>
    <Filter Include="ImGui">
      <UniqueIdentifier>{f7e55ba4-5d06-43fc-8e8d-0a417c722c71}</UniqueIdentifier>
    </Filter>
    <Filter Include="ImGui\impl">
      <UniqueIdentifier>{ea1eb4b3-be09-4833-9793-a0db4950ec14}</UniqueIdentifier>
    </Filter>
  </ItemGroup>
  <ItemGroup>
    <ClInclude Include="include\builtin_obj.h">
      <Filter>头文件</Filter>
    </ClInclude>
    <ClInclude Include="include\builtin_obj_data.h">
      <Filter>头文件</Filter>
    </ClInclude>
    <ClInclude Include="include\framebuffers_manager.h">
      <Filter>头文件</Filter>
    </ClInclude>
    <ClInclude Include="include\gl_camera.h">
      <Filter>头文件</Filter>
    </ClInclude>
    <ClInclude Include="include\gl_shader.h">
      <Filter>头文件</Filter>
    </ClInclude>
    <ClInclude Include="include\mesh.h">
      <Filter>头文件</Filter>
    </ClInclude>
    <ClInclude Include="include\model.h">
      <Filter>头文件</Filter>
    </ClInclude>
    <ClInclude Include="include\skybox_manager.h">
      <Filter>头文件</Filter>
    </ClInclude>
    <ClInclude Include="include\uniform_buffer_manager.h">
      <Filter>头文件</Filter>
    </ClInclude>
    <ClInclude Include="include\utility.h">
      <Filter>头文件</Filter>
    </ClInclude>
    <ClInclude Include="include\window_manager.h">
      <Filter>头文件</Filter>
    </ClInclude>
    <ClInclude Include="shaders\post_process\post_process_shaders.h">
      <Filter>头文件</Filter>
    </ClInclude>
    <ClInclude Include="3rd_party\include\ImGui\imconfig.h">
      <Filter>ImGui</Filter>
    </ClInclude>
    <ClInclude Include="3rd_party\include\ImGui\imgui.h">
      <Filter>ImGui</Filter>
    </ClInclude>
    <ClInclude Include="3rd_party\include\ImGui\imgui_internal.h">
      <Filter>ImGui</Filter>
    </ClInclude>
    <ClInclude Include="3rd_party\include\ImGui\imstb_rectpack.h">
      <Filter>ImGui</Filter>
    </ClInclude>
    <ClInclude Include="3rd_party\include\ImGui\imstb_textedit.h">
      <Filter>ImGui</Filter>
    </ClInclude>
    <ClInclude Include="3rd_party\include\ImGui\imstb_truetype.h">
      <Filter>ImGui</Filter>
    </ClInclude>
    <ClInclude Include="3rd_party\include\ImGui\impl\imgui_impl_glfw.h">
      <Filter>ImGui\impl</Filter>
    </ClInclude>
    <ClInclude Include="3rd_party\include\ImGui\impl\imgui_impl_opengl3.h">
      <Filter>ImGui\impl</Filter>
    </ClInclude>
  </ItemGroup>
  <ItemGroup>
    <ClCompile Include="src\builtin_obj.cpp">
      <Filter>源文件</Filter>
    </ClCompile>
    <ClCompile Include="src\builtin_obj_data.cpp">
      <Filter>源文件</Filter>
    </ClCompile>
    <ClCompile Include="src\framebuffers_manager.cpp">
      <Filter>源文件</Filter>
    </ClCompile>
    <ClCompile Include="src\main.cpp">
      <Filter>源文件</Filter>
    </ClCompile>
    <ClCompile Include="src\mesh.cpp">
      <Filter>源文件</Filter>
    </ClCompile>
    <ClCompile Include="src\model.cpp">
      <Filter>源文件</Filter>
    </ClCompile>
    <ClCompile Include="src\skybox_manager.cpp">
      <Filter>源文件</Filter>
    </ClCompile>
    <ClCompile Include="src\uniform_buffer_manager.cpp">
      <Filter>源文件</Filter>
    </ClCompile>
    <ClCompile Include="src\window_manager.cpp">
      <Filter>源文件</Filter>
    </ClCompile>
    <ClCompile Include="3rd_party\glad.c">
      <Filter>源文件</Filter>
    </ClCompile>
    <ClCompile Include="shaders\post_process\post_process_shaders.cpp">
      <Filter>源文件</Filter>
    </ClCompile>
    <ClCompile Include="3rd_party\include\ImGui\imgui.cpp">
      <Filter>ImGui</Filter>
    </ClCompile>
    <ClCompile Include="3rd_party\include\ImGui\imgui_demo.cpp">
      <Filter>ImGui</Filter>
    </ClCompile>
    <ClCompile Include="3rd_party\include\ImGui\imgui_draw.cpp">
      <Filter>ImGui</Filter>
    </ClCompile>
    <ClCompile Include="3rd_party\include\ImGui\imgui_widgets.cpp">
      <Filter>ImGui</Filter>
    </ClCompile>
    <ClCompile Include="3rd_party\include\ImGui\impl\imgui_impl_glfw.cpp">
      <Filter>ImGui\impl</Filter>
    </ClCompile>
    <ClCompile Include="3rd_party\include\ImGui\impl\imgui_impl_opengl3.cpp">
      <Filter>ImGui\impl</Filter>
    </ClCompile>
    <ClCompile Include="src\utility.cpp">
      <Filter>源文件</Filter>
    </ClCompile>
  </ItemGroup>
</Project>